
Microsoft Visual Studio Solution File, Format Version 12.00
# Visual Studio Version 17
VisualStudioVersion = 17.8.34511.84
MinimumVisualStudioVersion = 10.0.40219.1
Project("{FAE04EC0-301F-11D3-BF4B-00C04F79EFBC}") = "TodoMauiAPI", "TodoMauiAPI.csproj", "{F5B8E876-22C2-44E6-8200-077A0009CA05}"
EndProject
Global
	GlobalSection(SolutionConfigurationPlatforms) = preSolution
		Debug|Any CPU = Debug|Any CPU
		Release|Any CPU = Release|Any CPU
	EndGlobalSection
	GlobalSection(ProjectConfigurationPlatforms) = postSolution
		{F5B8E876-22C2-44E6-8200-077A0009CA05}.Debug|Any CPU.ActiveCfg = Debug|Any CPU
		{F5B8E876-22C2-44E6-8200-077A0009CA05}.Debug|Any CPU.Build.0 = Debug|Any CPU
		{F5B8E876-22C2-44E6-8200-077A0009CA05}.Release|Any CPU.ActiveCfg = Release|Any CPU
		{F5B8E876-22C2-44E6-8200-077A0009CA05}.Release|Any CPU.Build.0 = Release|Any CPU
	EndGlobalSection
	GlobalSection(SolutionProperties) = preSolution
		HideSolutionNode = FALSE
	EndGlobalSection
	GlobalSection(ExtensibilityGlobals) = postSolution
		SolutionGuid = {E64806D2-1F58-4A46-889D-D3D5DF63620E}
	EndGlobalSection
EndGlobal
